
Microsoft Visual Studio Solution File, Format Version 12.00
# Visual Studio Version 17
VisualStudioVersion = 17.13.35806.99 d17.13
MinimumVisualStudioVersion = 10.0.40219.1
Project("{FAE04EC0-301F-11D3-BF4B-00C04F79EFBC}") = "TienAnhGold", "TienAnhGold\TienAnhGold.csproj", "{648E64A8-5258-42E6-9D51-14FE27BC5CB3}"
EndProject
Global
	GlobalSection(SolutionConfigurationPlatforms) = preSolution
		Debug|Any CPU = Debug|Any CPU
		Release|Any CPU = Release|Any CPU
	EndGlobalSection
	GlobalSection(ProjectConfigurationPlatforms) = postSolution
		{648E64A8-5258-42E6-9D51-14FE27BC5CB3}.Debug|Any CPU.ActiveCfg = Debug|Any CPU
		{648E64A8-5258-42E6-9D51-14FE27BC5CB3}.Debug|Any CPU.Build.0 = Debug|Any CPU
		{648E64A8-5258-42E6-9D51-14FE27BC5CB3}.Release|Any CPU.ActiveCfg = Release|Any CPU
		{648E64A8-5258-42E6-9D51-14FE27BC5CB3}.Release|Any CPU.Build.0 = Release|Any CPU
	EndGlobalSection
	GlobalSection(SolutionProperties) = preSolution
		HideSolutionNode = FALSE
	EndGlobalSection
	GlobalSection(ExtensibilityGlobals) = postSolution
		SolutionGuid = {73737037-0445-4775-977B-1522CF45199E}
	EndGlobalSection
EndGlobal
